
Microsoft Visual Studio Solution File, Format Version 12.00
# Visual Studio Version 17
VisualStudioVersion = 17.1.32319.34
MinimumVisualStudioVersion = 10.0.40219.1
Project("{FAE04EC0-301F-11D3-BF4B-00C04F79EFBC}") = "Exe2_Kelompok21_B", "Exe2_Kelompok21_B\Exe2_Kelompok21_B.csproj", "{72EC13CF-0858-46DE-8C51-815FE6287503}"
EndProject
Global
	GlobalSection(SolutionConfigurationPlatforms) = preSolution
		Debug|Any CPU = Debug|Any CPU
		Release|Any CPU = Release|Any CPU
	EndGlobalSection
	GlobalSection(ProjectConfigurationPlatforms) = postSolution
		{72EC13CF-0858-46DE-8C51-815FE6287503}.Debug|Any CPU.ActiveCfg = Debug|Any CPU
		{72EC13CF-0858-46DE-8C51-815FE6287503}.Debug|Any CPU.Build.0 = Debug|Any CPU
		{72EC13CF-0858-46DE-8C51-815FE6287503}.Release|Any CPU.ActiveCfg = Release|Any CPU
		{72EC13CF-0858-46DE-8C51-815FE6287503}.Release|Any CPU.Build.0 = Release|Any CPU
	EndGlobalSection
	GlobalSection(SolutionProperties) = preSolution
		HideSolutionNode = FALSE
	EndGlobalSection
	GlobalSection(ExtensibilityGlobals) = postSolution
		SolutionGuid = {C1613911-6ABE-409B-9478-733DF69E8266}
	EndGlobalSection
EndGlobal
